// !$*UTF8*$!
{
	archiveVersion = 1;
	classes = {
	};
	objectVersion = 46;
	objects = {

/* Begin PBXBuildFile section */
		6B5D3E1D1CEB683300C56DF6 /* AppDelegate.swift in Sources */ = {isa = PBXBuildFile; fileRef = 6B5D3E1C1CEB683300C56DF6 /* AppDelegate.swift */; };
		6B5D3E1F1CEB683300C56DF6 /* MasterViewController.swift in Sources */ = {isa = PBXBuildFile; fileRef = 6B5D3E1E1CEB683300C56DF6 /* MasterViewController.swift */; };
		6B5D3E211CEB683300C56DF6 /* DetailViewController.swift in Sources */ = {isa = PBXBuildFile; fileRef = 6B5D3E201CEB683300C56DF6 /* DetailViewController.swift */; };
		6B5D3E241CEB683300C56DF6 /* Main.storyboard in Resources */ = {isa = PBXBuildFile; fileRef = 6B5D3E221CEB683300C56DF6 /* Main.storyboard */; };
		6B5D3E261CEB683300C56DF6 /* Assets.xcassets in Resources */ = {isa = PBXBuildFile; fileRef = 6B5D3E251CEB683300C56DF6 /* Assets.xcassets */; };
		6B5D3E291CEB683300C56DF6 /* LaunchScreen.storyboard in Resources */ = {isa = PBXBuildFile; fileRef = 6B5D3E271CEB683300C56DF6 /* LaunchScreen.storyboard */; };
/* End PBXBuildFile section */

/* Begin PBXFileReference section */
		6B5D3E191CEB683300C56DF6 /* FizzBuzzTabelle.app */ = {isa = PBXFileReference; explicitFileType = wrapper.application; includeInIndex = 0; path = FizzBuzzTabelle.app; sourceTree = BUILT_PRODUCTS_DIR; };
		6B5D3E1C1CEB683300C56DF6 /* AppDelegate.swift */ = {isa = PBXFileReference; lastKnownFileType = sourcecode.swift; path = AppDelegate.swift; sourceTree = "<group>"; };
		6B5D3E1E1CEB683300C56DF6 /* MasterViewController.swift */ = {isa = PBXFileReference; lastKnownFileType = sourcecode.swift; path = MasterViewController.swift; sourceTree = "<group>"; };
		6B5D3E201CEB683300C56DF6 /* DetailViewController.swift */ = {isa = PBXFileReference; lastKnownFileType = sourcecode.swift; path = DetailViewController.swift; sourceTree = "<group>"; };
		6B5D3E231CEB683300C56DF6 /* Base */ = {isa = PBXFileReference; lastKnownFileType = file.storyboard; name = Base; path = Base.lproj/Main.storyboard; sourceTree = "<group>"; };
		6B5D3E251CEB683300C56DF6 /* Assets.xcassets */ = {isa = PBXFileReference; lastKnownFileType = folder.assetcatalog; path = Assets.xcassets; sourceTree = "<group>"; };
		6B5D3E281CEB683300C56DF6 /* Base */ = {isa = PBXFileReference; lastKnownFileType = file.storyboard; name = Base; path = Base.lproj/LaunchScreen.storyboard; sourceTree = "<group>"; };
		6B5D3E2A1CEB683300C56DF6 /* Info.plist */ = {isa = PBXFileReference; lastKnownFileType = text.plist.xml; path = Info.plist; sourceTree = "<group>"; };
/* End PBXFileReference section */

/* Begin PBXFrameworksBuildPhase section */
		6B5D3E161CEB683300C56DF6 /* Frameworks */ = {
			isa = PBXFrameworksBuildPhase;
			buildActionMask = 2147483647;
			files = (
			);
			runOnlyForDeploymentPostprocessing = 0;
		};
/* End PBXFrameworksBuildPhase section */

/* Begin PBXGroup section */
		6B5D3E101CEB683300C56DF6 = {
			isa = PBXGroup;
			children = (
				6B5D3E1B1CEB683300C56DF6 /* FizzBuzzTabelle */,
				6B5D3E1A1CEB683300C56DF6 /* Products */,
			);
			sourceTree = "<group>";
		};
		6B5D3E1A1CEB683300C56DF6 /* Products */ = {
			isa = PBXGroup;
			children = (
				6B5D3E191CEB683300C56DF6 /* FizzBuzzTabelle.app */,
			);
			name = Products;
			sourceTree = "<group>";
		};
		6B5D3E1B1CEB683300C56DF6 /* FizzBuzzTabelle */ = {
			isa = PBXGroup;
			children = (
				6B5D3E1C1CEB683300C56DF6 /* AppDelegate.swift */,
				6B5D3E1E1CEB683300C56DF6 /* MasterViewController.swift */,
				6B5D3E201CEB683300C56DF6 /* DetailViewController.swift */,
				6B5D3E221CEB683300C56DF6 /* Main.storyboard */,
				6B5D3E251CEB683300C56DF6 /* Assets.xcassets */,
				6B5D3E271CEB683300C56DF6 /* LaunchScreen.storyboard */,
				6B5D3E2A1CEB683300C56DF6 /* Info.plist */,
			);
			path = FizzBuzzTabelle;
			sourceTree = "<group>";
		};
/* End PBXGroup section */

/* Begin PBXNativeTarget section */
		6B5D3E181CEB683300C56DF6 /* FizzBuzzTabelle */ = {
			isa = PBXNativeTarget;
			buildConfigurationList = 6B5D3E2D1CEB683300C56DF6 /* Build configuration list for PBXNativeTarget "FizzBuzzTabelle" */;
			buildPhases = (
				6B5D3E151CEB683300C56DF6 /* Sources */,
				6B5D3E161CEB683300C56DF6 /* Frameworks */,
				6B5D3E171CEB683300C56DF6 /* Resources */,
			);
			buildRules = (
			);
			dependencies = (
			);
			name = FizzBuzzTabelle;
			productName = FizzBuzzTabelle;
			productReference = 6B5D3E191CEB683300C56DF6 /* FizzBuzzTabelle.app */;
			productType = "com.apple.product-type.application";
		};
/* End PBXNativeTarget section */

/* Begin PBXProject section */
		6B5D3E111CEB683300C56DF6 /* Project object */ = {
			isa = PBXProject;
			attributes = {
				LastSwiftUpdateCheck = 0730;
				LastUpgradeCheck = 0730;
				ORGANIZATIONNAME = "Wolfram Schroers";
				TargetAttributes = {
					6B5D3E181CEB683300C56DF6 = {
						CreatedOnToolsVersion = 7.3;
					};
				};
			};
			buildConfigurationList = 6B5D3E141CEB683300C56DF6 /* Build configuration list for PBXProject "FizzBuzzTabelle" */;
			compatibilityVersion = "Xcode 3.2";
			developmentRegion = English;
			hasScannedForEncodings = 0;
			knownRegions = (
				en,
				Base,
			);
			mainGroup = 6B5D3E101CEB683300C56DF6;
			productRefGroup = 6B5D3E1A1CEB683300C56DF6 /* Products */;
			projectDirPath = "";
			projectRoot = "";
			targets = (
				6B5D3E181CEB683300C56DF6 /* FizzBuzzTabelle */,
			);
		};
/* End PBXProject section */

/* Begin PBXResourcesBuildPhase section */
		6B5D3E171CEB683300C56DF6 /* Resources */ = {
			isa = PBXResourcesBuildPhase;
			buildActionMask = 2147483647;
			files = (
				6B5D3E291CEB683300C56DF6 /* LaunchScreen.storyboard in Resources */,
				6B5D3E261CEB683300C56DF6 /* Assets.xcassets in Resources */,
				6B5D3E241CEB683300C56DF6 /* Main.storyboard in Resources */,
			);
			runOnlyForDeploymentPostprocessing = 0;
		};
/* End PBXResourcesBuildPhase section */

/* Begin PBXSourcesBuildPhase section */
		6B5D3E151CEB683300C56DF6 /* Sources */ = {
			isa = PBXSourcesBuildPhase;
			buildActionMask = 2147483647;
			files = (
				6B5D3E211CEB683300C56DF6 /* DetailViewController.swift in Sources */,
				6B5D3E1F1CEB683300C56DF6 /* MasterViewController.swift in Sources */,
				6B5D3E1D1CEB683300C56DF6 /* AppDelegate.swift in Sources */,
			);
			runOnlyForDeploymentPostprocessing = 0;
		};
/* End PBXSourcesBuildPhase section */

/* Begin PBXVariantGroup section */
		6B5D3E221CEB683300C56DF6 /* Main.storyboard */ = {
			isa = PBXVariantGroup;
			children = (
				6B5D3E231CEB683300C56DF6 /* Base */,
			);
			name = Main.storyboard;
			sourceTree = "<group>";
		};
		6B5D3E271CEB683300C56DF6 /* LaunchScreen.storyboard */ = {
			isa = PBXVariantGroup;
			children = (
				6B5D3E281CEB683300C56DF6 /* Base */,
			);
			name = LaunchScreen.storyboard;
			sourceTree = "<group>";
		};
/* End PBXVariantGroup section */

/* Begin XCBuildConfiguration section */
		6B5D3E2B1CEB683300C56DF6 /* Debug */ = {
			isa = XCBuildConfiguration;
			buildSettings = {
				ALWAYS_SEARCH_USER_PATHS = NO;
				CLANG_ANALYZER_NONNULL = YES;
				CLANG_CXX_LANGUAGE_STANDARD = "gnu++0x";
				CLANG_CXX_LIBRARY = "libc++";
				CLANG_ENABLE_MODULES = YES;
				CLANG_ENABLE_OBJC_ARC = YES;
				CLANG_WARN_BOOL_CONVERSION = YES;
				CLANG_WARN_CONSTANT_CONVERSION = YES;
				CLANG_WARN_DIRECT_OBJC_ISA_USAGE = YES_ERROR;
				CLANG_WARN_EMPTY_BODY = YES;
				CLANG_WARN_ENUM_CONVERSION = YES;
				CLANG_WARN_INT_CONVERSION = YES;
				CLANG_WARN_OBJC_ROOT_CLASS = YES_ERROR;
				CLANG_WARN_UNREACHABLE_CODE = YES;
				CLANG_WARN__DUPLICATE_METHOD_MATCH = YES;
				"CODE_SIGN_IDENTITY[sdk=iphoneos*]" = "iPhone Developer";
				COPY_PHASE_STRIP = NO;
				DEBUG_INFORMATION_FORMAT = dwarf;
				ENABLE_STRICT_OBJC_MSGSEND = YES;
				ENABLE_TESTABILITY = YES;
				GCC_C_LANGUAGE_STANDARD = gnu99;
				GCC_DYNAMIC_NO_PIC = NO;
				GCC_NO_COMMON_BLOCKS = YES;
				GCC_OPTIMIZATION_LEVEL = 0;
				GCC_PREPROCESSOR_DEFINITIONS = (
					"DEBUG=1",
					"$(inherited)",
				);
				GCC_WARN_64_TO_32_BIT_CONVERSION = YES;
				GCC_WARN_ABOUT_RETURN_TYPE = YES_ERROR;
				GCC_WARN_UNDECLARED_SELECTOR = YES;
				GCC_WARN_UNINITIALIZED_AUTOS = YES_AGGRESSIVE;
				GCC_WARN_UNUSED_FUNCTION = YES;
				GCC_WARN_UNUSED_VARIABLE = YES;
				IPHONEOS_DEPLOYMENT_TARGET = 9.3;
				MTL_ENABLE_DEBUG_INFO = YES;
				ONLY_ACTIVE_ARCH = YES;
				SDKROOT = iphoneos;
				SWIFT_OPTIMIZATION_LEVEL = "-Onone";
			};
			name = Debug;
		};
		6B5D3E2C1CEB683300C56DF6 /* Release */ = {
			isa = XCBuildConfiguration;
			buildSettings = {
				ALWAYS_SEARCH_USER_PATHS = NO;
				CLANG_ANALYZER_NONNULL = YES;
				CLANG_CXX_LANGUAGE_STANDARD = "gnu++0x";
				CLANG_CXX_LIBRARY = "libc++";
				CLANG_ENABLE_MODULES = YES;
				CLANG_ENABLE_OBJC_ARC = YES;
				CLANG_WARN_BOOL_CONVERSION = YES;
				CLANG_WARN_CONSTANT_CONVERSION = YES;
				CLANG_WARN_DIRECT_OBJC_ISA_USAGE = YES_ERROR;
				CLANG_WARN_EMPTY_BODY = YES;
				CLANG_WARN_ENUM_CONVERSION = YES;
				CLANG_WARN_INT_CONVERSION = YES;
				CLANG_WARN_OBJC_ROOT_CLASS = YES_ERROR;
				CLANG_WARN_UNREACHABLE_CODE = YES;
				CLANG_WARN__DUPLICATE_METHOD_MATCH = YES;
				"CODE_SIGN_IDENTITY[sdk=iphoneos*]" = "iPhone Developer";
				COPY_PHASE_STRIP = NO;
				DEBUG_INFORMATION_FORMAT = "dwarf-with-dsym";
				ENABLE_NS_ASSERTIONS = NO;
				ENABLE_STRICT_OBJC_MSGSEND = YES;
				GCC_C_LANGUAGE_STANDARD = gnu99;
				GCC_NO_COMMON_BLOCKS = YES;
				GCC_WARN_64_TO_32_BIT_CONVERSION = YES;
				GCC_WARN_ABOUT_RETURN_TYPE = YES_ERROR;
				GCC_WARN_UNDECLARED_SELECTOR = YES;
				GCC_WARN_UNINITIALIZED_AUTOS = YES_AGGRESSIVE;
				GCC_WARN_UNUSED_FUNCTION = YES;
				GCC_WARN_UNUSED_VARIABLE = YES;
				IPHONEOS_DEPLOYMENT_TARGET = 9.3;
				MTL_ENABLE_DEBUG_INFO = NO;
				SDKROOT = iphoneos;
				VALIDATE_PRODUCT = YES;
			};
			name = Release;
		};
		6B5D3E2E1CEB683300C56DF6 /* Debug */ = {
			isa = XCBuildConfiguration;
			buildSettings = {
				ASSETCATALOG_COMPILER_APPICON_NAME = AppIcon;
				INFOPLIST_FILE = FizzBuzzTabelle/Info.plist;
				LD_RUNPATH_SEARCH_PATHS = "$(inherited) @executable_path/Frameworks";
				PRODUCT_BUNDLE_IDENTIFIER = "de.nua-schroers.FizzBuzzTabelle";
				PRODUCT_NAME = "$(TARGET_NAME)";
			};
			name = Debug;
		};
		6B5D3E2F1CEB683300C56DF6 /* Release */ = {
			isa = XCBuildConfiguration;
			buildSettings = {
				ASSETCATALOG_COMPILER_APPICON_NAME = AppIcon;
				INFOPLIST_FILE = FizzBuzzTabelle/Info.plist;
				LD_RUNPATH_SEARCH_PATHS = "$(inherited) @executable_path/Frameworks";
				PRODUCT_BUNDLE_IDENTIFIER = "de.nua-schroers.FizzBuzzTabelle";
				PRODUCT_NAME = "$(TARGET_NAME)";
			};
			name = Release;
		};
/* End XCBuildConfiguration section */

/* Begin XCConfigurationList section */
		6B5D3E141CEB683300C56DF6 /* Build configuration list for PBXProject "FizzBuzzTabelle" */ = {
			isa = XCConfigurationList;
			buildConfigurations = (
				6B5D3E2B1CEB683300C56DF6 /* Debug */,
				6B5D3E2C1CEB683300C56DF6 /* Release */,
			);
			defaultConfigurationIsVisible = 0;
			defaultConfigurationName = Release;
		};
		6B5D3E2D1CEB683300C56DF6 /* Build configuration list for PBXNativeTarget "FizzBuzzTabelle" */ = {
			isa = XCConfigurationList;
			buildConfigurations = (
				6B5D3E2E1CEB683300C56DF6 /* Debug */,
				6B5D3E2F1CEB683300C56DF6 /* Release */,
			);
			defaultConfigurationIsVisible = 0;
		};
/* End XCConfigurationList section */
	};
	rootObject = 6B5D3E111CEB683300C56DF6 /* Project object */;
}
