// !$*UTF8*$!
{
	archiveVersion = 1;
	classes = {
	};
	objectVersion = 46;
	objects = {

/* Begin PBXBuildFile section */
		6B5FDE411CEF7EC4006A89BD /* AppDelegate.swift in Sources */ = {isa = PBXBuildFile; fileRef = 6B5FDE401CEF7EC4006A89BD /* AppDelegate.swift */; };
		6B5FDE431CEF7EC4006A89BD /* ViewController.swift in Sources */ = {isa = PBXBuildFile; fileRef = 6B5FDE421CEF7EC4006A89BD /* ViewController.swift */; };
		6B5FDE461CEF7EC4006A89BD /* Main~iphone.storyboard in Resources */ = {isa = PBXBuildFile; fileRef = 6B5FDE441CEF7EC4006A89BD /* Main~iphone.storyboard */; };
		6B5FDE481CEF7EC4006A89BD /* Assets.xcassets in Resources */ = {isa = PBXBuildFile; fileRef = 6B5FDE471CEF7EC4006A89BD /* Assets.xcassets */; };
		6B5FDE4B1CEF7EC4006A89BD /* LaunchScreen.storyboard in Resources */ = {isa = PBXBuildFile; fileRef = 6B5FDE491CEF7EC4006A89BD /* LaunchScreen.storyboard */; };
		6B5FDE531CEF7EEB006A89BD /* PasswortModell.swift in Sources */ = {isa = PBXBuildFile; fileRef = 6B5FDE521CEF7EEB006A89BD /* PasswortModell.swift */; };
		6B5FDE561CF2E428006A89BD /* Main~ipad.storyboard in Resources */ = {isa = PBXBuildFile; fileRef = 6B5FDE541CF2E428006A89BD /* Main~ipad.storyboard */; };
/* End PBXBuildFile section */

/* Begin PBXFileReference section */
		6B5FDE3D1CEF7EC4006A89BD /* PasswortApp.app */ = {isa = PBXFileReference; explicitFileType = wrapper.application; includeInIndex = 0; path = PasswortApp.app; sourceTree = BUILT_PRODUCTS_DIR; };
		6B5FDE401CEF7EC4006A89BD /* AppDelegate.swift */ = {isa = PBXFileReference; lastKnownFileType = sourcecode.swift; path = AppDelegate.swift; sourceTree = "<group>"; };
		6B5FDE421CEF7EC4006A89BD /* ViewController.swift */ = {isa = PBXFileReference; lastKnownFileType = sourcecode.swift; path = ViewController.swift; sourceTree = "<group>"; };
		6B5FDE451CEF7EC4006A89BD /* Base */ = {isa = PBXFileReference; lastKnownFileType = file.storyboard; name = Base; path = "Base.lproj/Main~iphone.storyboard"; sourceTree = "<group>"; };
		6B5FDE471CEF7EC4006A89BD /* Assets.xcassets */ = {isa = PBXFileReference; lastKnownFileType = folder.assetcatalog; path = Assets.xcassets; sourceTree = "<group>"; };
		6B5FDE4A1CEF7EC4006A89BD /* Base */ = {isa = PBXFileReference; lastKnownFileType = file.storyboard; name = Base; path = Base.lproj/LaunchScreen.storyboard; sourceTree = "<group>"; };
		6B5FDE4C1CEF7EC4006A89BD /* Info.plist */ = {isa = PBXFileReference; lastKnownFileType = text.plist.xml; path = Info.plist; sourceTree = "<group>"; };
		6B5FDE521CEF7EEB006A89BD /* PasswortModell.swift */ = {isa = PBXFileReference; fileEncoding = 4; lastKnownFileType = sourcecode.swift; path = PasswortModell.swift; sourceTree = "<group>"; };
		6B5FDE551CF2E428006A89BD /* Base */ = {isa = PBXFileReference; lastKnownFileType = file.storyboard; name = Base; path = "PasswortApp/Base.lproj/Main~ipad.storyboard"; sourceTree = "<group>"; };
/* End PBXFileReference section */

/* Begin PBXFrameworksBuildPhase section */
		6B5FDE3A1CEF7EC4006A89BD /* Frameworks */ = {
			isa = PBXFrameworksBuildPhase;
			buildActionMask = 2147483647;
			files = (
			);
			runOnlyForDeploymentPostprocessing = 0;
		};
/* End PBXFrameworksBuildPhase section */

/* Begin PBXGroup section */
		6B5FDE341CEF7EC4006A89BD = {
			isa = PBXGroup;
			children = (
				6B5FDE3F1CEF7EC4006A89BD /* PasswortApp */,
				6B5FDE3E1CEF7EC4006A89BD /* Products */,
			);
			sourceTree = "<group>";
		};
		6B5FDE3E1CEF7EC4006A89BD /* Products */ = {
			isa = PBXGroup;
			children = (
				6B5FDE3D1CEF7EC4006A89BD /* PasswortApp.app */,
			);
			name = Products;
			sourceTree = "<group>";
		};
		6B5FDE3F1CEF7EC4006A89BD /* PasswortApp */ = {
			isa = PBXGroup;
			children = (
				6B5FDE401CEF7EC4006A89BD /* AppDelegate.swift */,
				6B5FDE421CEF7EC4006A89BD /* ViewController.swift */,
				6B5FDE441CEF7EC4006A89BD /* Main~iphone.storyboard */,
				6B5FDE541CF2E428006A89BD /* Main~ipad.storyboard */,
				6B5FDE471CEF7EC4006A89BD /* Assets.xcassets */,
				6B5FDE491CEF7EC4006A89BD /* LaunchScreen.storyboard */,
				6B5FDE4C1CEF7EC4006A89BD /* Info.plist */,
				6B5FDE521CEF7EEB006A89BD /* PasswortModell.swift */,
			);
			path = PasswortApp;
			sourceTree = "<group>";
		};
/* End PBXGroup section */

/* Begin PBXNativeTarget section */
		6B5FDE3C1CEF7EC4006A89BD /* PasswortApp */ = {
			isa = PBXNativeTarget;
			buildConfigurationList = 6B5FDE4F1CEF7EC4006A89BD /* Build configuration list for PBXNativeTarget "PasswortApp" */;
			buildPhases = (
				6B5FDE391CEF7EC4006A89BD /* Sources */,
				6B5FDE3A1CEF7EC4006A89BD /* Frameworks */,
				6B5FDE3B1CEF7EC4006A89BD /* Resources */,
			);
			buildRules = (
			);
			dependencies = (
			);
			name = PasswortApp;
			productName = PasswortApp;
			productReference = 6B5FDE3D1CEF7EC4006A89BD /* PasswortApp.app */;
			productType = "com.apple.product-type.application";
		};
/* End PBXNativeTarget section */

/* Begin PBXProject section */
		6B5FDE351CEF7EC4006A89BD /* Project object */ = {
			isa = PBXProject;
			attributes = {
				LastSwiftUpdateCheck = 0730;
				LastUpgradeCheck = 0730;
				ORGANIZATIONNAME = "Wolfram Schroers";
				TargetAttributes = {
					6B5FDE3C1CEF7EC4006A89BD = {
						CreatedOnToolsVersion = 7.3.1;
					};
				};
			};
			buildConfigurationList = 6B5FDE381CEF7EC4006A89BD /* Build configuration list for PBXProject "PasswortApp" */;
			compatibilityVersion = "Xcode 3.2";
			developmentRegion = English;
			hasScannedForEncodings = 0;
			knownRegions = (
				en,
				Base,
			);
			mainGroup = 6B5FDE341CEF7EC4006A89BD;
			productRefGroup = 6B5FDE3E1CEF7EC4006A89BD /* Products */;
			projectDirPath = "";
			projectRoot = "";
			targets = (
				6B5FDE3C1CEF7EC4006A89BD /* PasswortApp */,
			);
		};
/* End PBXProject section */

/* Begin PBXResourcesBuildPhase section */
		6B5FDE3B1CEF7EC4006A89BD /* Resources */ = {
			isa = PBXResourcesBuildPhase;
			buildActionMask = 2147483647;
			files = (
				6B5FDE561CF2E428006A89BD /* Main~ipad.storyboard in Resources */,
				6B5FDE4B1CEF7EC4006A89BD /* LaunchScreen.storyboard in Resources */,
				6B5FDE481CEF7EC4006A89BD /* Assets.xcassets in Resources */,
				6B5FDE461CEF7EC4006A89BD /* Main~iphone.storyboard in Resources */,
			);
			runOnlyForDeploymentPostprocessing = 0;
		};
/* End PBXResourcesBuildPhase section */

/* Begin PBXSourcesBuildPhase section */
		6B5FDE391CEF7EC4006A89BD /* Sources */ = {
			isa = PBXSourcesBuildPhase;
			buildActionMask = 2147483647;
			files = (
				6B5FDE431CEF7EC4006A89BD /* ViewController.swift in Sources */,
				6B5FDE531CEF7EEB006A89BD /* PasswortModell.swift in Sources */,
				6B5FDE411CEF7EC4006A89BD /* AppDelegate.swift in Sources */,
			);
			runOnlyForDeploymentPostprocessing = 0;
		};
/* End PBXSourcesBuildPhase section */

/* Begin PBXVariantGroup section */
		6B5FDE441CEF7EC4006A89BD /* Main~iphone.storyboard */ = {
			isa = PBXVariantGroup;
			children = (
				6B5FDE451CEF7EC4006A89BD /* Base */,
			);
			name = "Main~iphone.storyboard";
			sourceTree = "<group>";
		};
		6B5FDE491CEF7EC4006A89BD /* LaunchScreen.storyboard */ = {
			isa = PBXVariantGroup;
			children = (
				6B5FDE4A1CEF7EC4006A89BD /* Base */,
			);
			name = LaunchScreen.storyboard;
			sourceTree = "<group>";
		};
		6B5FDE541CF2E428006A89BD /* Main~ipad.storyboard */ = {
			isa = PBXVariantGroup;
			children = (
				6B5FDE551CF2E428006A89BD /* Base */,
			);
			name = "Main~ipad.storyboard";
			path = ..;
			sourceTree = "<group>";
		};
/* End PBXVariantGroup section */

/* Begin XCBuildConfiguration section */
		6B5FDE4D1CEF7EC4006A89BD /* Debug */ = {
			isa = XCBuildConfiguration;
			buildSettings = {
				ALWAYS_SEARCH_USER_PATHS = NO;
				CLANG_ANALYZER_NONNULL = YES;
				CLANG_CXX_LANGUAGE_STANDARD = "gnu++0x";
				CLANG_CXX_LIBRARY = "libc++";
				CLANG_ENABLE_MODULES = YES;
				CLANG_ENABLE_OBJC_ARC = YES;
				CLANG_WARN_BOOL_CONVERSION = YES;
				CLANG_WARN_CONSTANT_CONVERSION = YES;
				CLANG_WARN_DIRECT_OBJC_ISA_USAGE = YES_ERROR;
				CLANG_WARN_EMPTY_BODY = YES;
				CLANG_WARN_ENUM_CONVERSION = YES;
				CLANG_WARN_INT_CONVERSION = YES;
				CLANG_WARN_OBJC_ROOT_CLASS = YES_ERROR;
				CLANG_WARN_UNREACHABLE_CODE = YES;
				CLANG_WARN__DUPLICATE_METHOD_MATCH = YES;
				"CODE_SIGN_IDENTITY[sdk=iphoneos*]" = "iPhone Developer";
				COPY_PHASE_STRIP = NO;
				DEBUG_INFORMATION_FORMAT = dwarf;
				ENABLE_STRICT_OBJC_MSGSEND = YES;
				ENABLE_TESTABILITY = YES;
				GCC_C_LANGUAGE_STANDARD = gnu99;
				GCC_DYNAMIC_NO_PIC = NO;
				GCC_NO_COMMON_BLOCKS = YES;
				GCC_OPTIMIZATION_LEVEL = 0;
				GCC_PREPROCESSOR_DEFINITIONS = (
					"DEBUG=1",
					"$(inherited)",
				);
				GCC_WARN_64_TO_32_BIT_CONVERSION = YES;
				GCC_WARN_ABOUT_RETURN_TYPE = YES_ERROR;
				GCC_WARN_UNDECLARED_SELECTOR = YES;
				GCC_WARN_UNINITIALIZED_AUTOS = YES_AGGRESSIVE;
				GCC_WARN_UNUSED_FUNCTION = YES;
				GCC_WARN_UNUSED_VARIABLE = YES;
				IPHONEOS_DEPLOYMENT_TARGET = 9.3;
				MTL_ENABLE_DEBUG_INFO = YES;
				ONLY_ACTIVE_ARCH = YES;
				SDKROOT = iphoneos;
				SWIFT_OPTIMIZATION_LEVEL = "-Onone";
			};
			name = Debug;
		};
		6B5FDE4E1CEF7EC4006A89BD /* Release */ = {
			isa = XCBuildConfiguration;
			buildSettings = {
				ALWAYS_SEARCH_USER_PATHS = NO;
				CLANG_ANALYZER_NONNULL = YES;
				CLANG_CXX_LANGUAGE_STANDARD = "gnu++0x";
				CLANG_CXX_LIBRARY = "libc++";
				CLANG_ENABLE_MODULES = YES;
				CLANG_ENABLE_OBJC_ARC = YES;
				CLANG_WARN_BOOL_CONVERSION = YES;
				CLANG_WARN_CONSTANT_CONVERSION = YES;
				CLANG_WARN_DIRECT_OBJC_ISA_USAGE = YES_ERROR;
				CLANG_WARN_EMPTY_BODY = YES;
				CLANG_WARN_ENUM_CONVERSION = YES;
				CLANG_WARN_INT_CONVERSION = YES;
				CLANG_WARN_OBJC_ROOT_CLASS = YES_ERROR;
				CLANG_WARN_UNREACHABLE_CODE = YES;
				CLANG_WARN__DUPLICATE_METHOD_MATCH = YES;
				"CODE_SIGN_IDENTITY[sdk=iphoneos*]" = "iPhone Developer";
				COPY_PHASE_STRIP = NO;
				DEBUG_INFORMATION_FORMAT = "dwarf-with-dsym";
				ENABLE_NS_ASSERTIONS = NO;
				ENABLE_STRICT_OBJC_MSGSEND = YES;
				GCC_C_LANGUAGE_STANDARD = gnu99;
				GCC_NO_COMMON_BLOCKS = YES;
				GCC_WARN_64_TO_32_BIT_CONVERSION = YES;
				GCC_WARN_ABOUT_RETURN_TYPE = YES_ERROR;
				GCC_WARN_UNDECLARED_SELECTOR = YES;
				GCC_WARN_UNINITIALIZED_AUTOS = YES_AGGRESSIVE;
				GCC_WARN_UNUSED_FUNCTION = YES;
				GCC_WARN_UNUSED_VARIABLE = YES;
				IPHONEOS_DEPLOYMENT_TARGET = 9.3;
				MTL_ENABLE_DEBUG_INFO = NO;
				SDKROOT = iphoneos;
				VALIDATE_PRODUCT = YES;
			};
			name = Release;
		};
		6B5FDE501CEF7EC4006A89BD /* Debug */ = {
			isa = XCBuildConfiguration;
			buildSettings = {
				ASSETCATALOG_COMPILER_APPICON_NAME = AppIcon;
				INFOPLIST_FILE = PasswortApp/Info.plist;
				LD_RUNPATH_SEARCH_PATHS = "$(inherited) @executable_path/Frameworks";
				PRODUCT_BUNDLE_IDENTIFIER = "de.nua-schroers.PasswortApp";
				PRODUCT_NAME = "$(TARGET_NAME)";
				TARGETED_DEVICE_FAMILY = "1,2";
			};
			name = Debug;
		};
		6B5FDE511CEF7EC4006A89BD /* Release */ = {
			isa = XCBuildConfiguration;
			buildSettings = {
				ASSETCATALOG_COMPILER_APPICON_NAME = AppIcon;
				INFOPLIST_FILE = PasswortApp/Info.plist;
				LD_RUNPATH_SEARCH_PATHS = "$(inherited) @executable_path/Frameworks";
				PRODUCT_BUNDLE_IDENTIFIER = "de.nua-schroers.PasswortApp";
				PRODUCT_NAME = "$(TARGET_NAME)";
				TARGETED_DEVICE_FAMILY = "1,2";
			};
			name = Release;
		};
/* End XCBuildConfiguration section */

/* Begin XCConfigurationList section */
		6B5FDE381CEF7EC4006A89BD /* Build configuration list for PBXProject "PasswortApp" */ = {
			isa = XCConfigurationList;
			buildConfigurations = (
				6B5FDE4D1CEF7EC4006A89BD /* Debug */,
				6B5FDE4E1CEF7EC4006A89BD /* Release */,
			);
			defaultConfigurationIsVisible = 0;
			defaultConfigurationName = Release;
		};
		6B5FDE4F1CEF7EC4006A89BD /* Build configuration list for PBXNativeTarget "PasswortApp" */ = {
			isa = XCConfigurationList;
			buildConfigurations = (
				6B5FDE501CEF7EC4006A89BD /* Debug */,
				6B5FDE511CEF7EC4006A89BD /* Release */,
			);
			defaultConfigurationIsVisible = 0;
			defaultConfigurationName = Release;
		};
/* End XCConfigurationList section */
	};
	rootObject = 6B5FDE351CEF7EC4006A89BD /* Project object */;
}
